// !$*UTF8*$!
{
	archiveVersion = 1;
	classes = {
	};
	objectVersion = 46;
	objects = {

/* Begin PBXBuildFile section */
		43F9647BB7074383869D5193 /* libPods.a in Frameworks */ = {isa = PBXBuildFile; fileRef = F4078976B8DD4E898C1BAC58 /* libPods.a */; };
		B841763D180584920007657C /* FontTest.m in Sources */ = {isa = PBXBuildFile; fileRef = B841763C180584920007657C /* FontTest.m */; };
		B84176451805882E0007657C /* SenTestingKit.framework in Frameworks */ = {isa = PBXBuildFile; fileRef = B850C07517B4796000AA0921 /* SenTestingKit.framework */; };
		B841764818058CE30007657C /* Settings.m in Sources */ = {isa = PBXBuildFile; fileRef = B841764718058CE30007657C /* Settings.m */; };
		B850C04F17B4795F00AA0921 /* UIKit.framework in Frameworks */ = {isa = PBXBuildFile; fileRef = B850C04E17B4795F00AA0921 /* UIKit.framework */; };
		B850C05117B4795F00AA0921 /* Foundation.framework in Frameworks */ = {isa = PBXBuildFile; fileRef = B850C05017B4795F00AA0921 /* Foundation.framework */; };
		B850C05317B4795F00AA0921 /* CoreGraphics.framework in Frameworks */ = {isa = PBXBuildFile; fileRef = B850C05217B4795F00AA0921 /* CoreGraphics.framework */; };
		B850C05917B4795F00AA0921 /* InfoPlist.strings in Resources */ = {isa = PBXBuildFile; fileRef = B850C05717B4795F00AA0921 /* InfoPlist.strings */; };
		B850C05B17B4795F00AA0921 /* main.m in Sources */ = {isa = PBXBuildFile; fileRef = B850C05A17B4795F00AA0921 /* main.m */; };
		B850C05F17B4795F00AA0921 /* AppDelegate.m in Sources */ = {isa = PBXBuildFile; fileRef = B850C05E17B4795F00AA0921 /* AppDelegate.m */; };
		B850C06817B4795F00AA0921 /* ViewController.m in Sources */ = {isa = PBXBuildFile; fileRef = B850C06717B4795F00AA0921 /* ViewController.m */; };
		B850C06B17B4795F00AA0921 /* ViewController_iPhone.xib in Resources */ = {isa = PBXBuildFile; fileRef = B850C06917B4795F00AA0921 /* ViewController_iPhone.xib */; };
		B850C07717B4796000AA0921 /* UIKit.framework in Frameworks */ = {isa = PBXBuildFile; fileRef = B850C04E17B4795F00AA0921 /* UIKit.framework */; };
		B850C07817B4796000AA0921 /* Foundation.framework in Frameworks */ = {isa = PBXBuildFile; fileRef = B850C05017B4795F00AA0921 /* Foundation.framework */; };
		B850C08017B4796000AA0921 /* InfoPlist.strings in Resources */ = {isa = PBXBuildFile; fileRef = B850C07E17B4796000AA0921 /* InfoPlist.strings */; };
		B860055217B7C1ED00D02F02 /* star.png in Resources */ = {isa = PBXBuildFile; fileRef = B860055017B7C1ED00D02F02 /* star.png */; };
		B860055317B7C1ED00D02F02 /* starhighlighted.png in Resources */ = {isa = PBXBuildFile; fileRef = B860055117B7C1ED00D02F02 /* starhighlighted.png */; };
		B860055C17B7D60000D02F02 /* CoreData.framework in Frameworks */ = {isa = PBXBuildFile; fileRef = B860055B17B7D60000D02F02 /* CoreData.framework */; };
		B866F55817B67A2B009AA284 /* FontTableCell.m in Sources */ = {isa = PBXBuildFile; fileRef = B866F54E17B67A2B009AA284 /* FontTableCell.m */; };
		B866F55917B67A2B009AA284 /* FontTableCell.xib in Resources */ = {isa = PBXBuildFile; fileRef = B866F54F17B67A2B009AA284 /* FontTableCell.xib */; };
		B866F55A17B67A2B009AA284 /* SettingsResetCell.m in Sources */ = {isa = PBXBuildFile; fileRef = B866F55217B67A2B009AA284 /* SettingsResetCell.m */; };
		B866F55B17B67A2B009AA284 /* SettingsResetCell.xib in Resources */ = {isa = PBXBuildFile; fileRef = B866F55317B67A2B009AA284 /* SettingsResetCell.xib */; };
		B866F55C17B67A2B009AA284 /* SettingsToggleCell.m in Sources */ = {isa = PBXBuildFile; fileRef = B866F55617B67A2B009AA284 /* SettingsToggleCell.m */; };
		B866F55D17B67A2B009AA284 /* SettingsToggleCell.xib in Resources */ = {isa = PBXBuildFile; fileRef = B866F55717B67A2B009AA284 /* SettingsToggleCell.xib */; };
		B8980E2318059EBB00C5C67D /* OCHamcrestIOS.framework in Frameworks */ = {isa = PBXBuildFile; fileRef = B8980E2218059EBB00C5C67D /* OCHamcrestIOS.framework */; };
		B8980E2518059ED200C5C67D /* OCMockitoIOS.framework in Frameworks */ = {isa = PBXBuildFile; fileRef = B8980E2418059ED200C5C67D /* OCMockitoIOS.framework */; };
		B89B246117B7806000F3F95A /* FontViewController.m in Sources */ = {isa = PBXBuildFile; fileRef = B89B245F17B7806000F3F95A /* FontViewController.m */; };
		B89B246217B7806000F3F95A /* FontViewController.xib in Resources */ = {isa = PBXBuildFile; fileRef = B89B246017B7806000F3F95A /* FontViewController.xib */; };
		B8BE576017B48DEB00147657 /* QuartzCore.framework in Frameworks */ = {isa = PBXBuildFile; fileRef = B8BE575F17B48DEB00147657 /* QuartzCore.framework */; };
		B8E220CA1805B303005D1F4C /* Font.m in Sources */ = {isa = PBXBuildFile; fileRef = B8E220C91805B303005D1F4C /* Font.m */; };
		B8EC5E2D17B7DFA5008C67EC /* FontData.m in Sources */ = {isa = PBXBuildFile; fileRef = B8EC5E2C17B7DFA5008C67EC /* FontData.m */; };
		B8EC5E3017B7DFB1008C67EC /* FontData.xcdatamodeld in Sources */ = {isa = PBXBuildFile; fileRef = B8EC5E2E17B7DFB1008C67EC /* FontData.xcdatamodeld */; };
		B8EC5E7B17B7F4D4008C67EC /* Default.png in Resources */ = {isa = PBXBuildFile; fileRef = B8EC5E7817B7F4D3008C67EC /* Default.png */; };
		B8EC5E7C17B7F4D4008C67EC /* Default-568h@2x.png in Resources */ = {isa = PBXBuildFile; fileRef = B8EC5E7917B7F4D3008C67EC /* Default-568h@2x.png */; };
		B8EC5E7D17B7F4D4008C67EC /* Default@2x.png in Resources */ = {isa = PBXBuildFile; fileRef = B8EC5E7A17B7F4D3008C67EC /* Default@2x.png */; };
		DDC10FADE6D34539A2E6AB3D /* libPods.a in Frameworks */ = {isa = PBXBuildFile; fileRef = F4078976B8DD4E898C1BAC58 /* libPods.a */; };
/* End PBXBuildFile section */

/* Begin PBXContainerItemProxy section */
		B850C07917B4796000AA0921 /* PBXContainerItemProxy */ = {
			isa = PBXContainerItemProxy;
			containerPortal = B850C04317B4795F00AA0921 /* Project object */;
			proxyType = 1;
			remoteGlobalIDString = B850C04A17B4795F00AA0921;
			remoteInfo = FontPicker;
		};
/* End PBXContainerItemProxy section */

/* Begin PBXFileReference section */
		1F777E125CE441F38B6492CF /* Pods.xcconfig */ = {isa = PBXFileReference; includeInIndex = 1; lastKnownFileType = text.xcconfig; name = Pods.xcconfig; path = Pods/Pods.xcconfig; sourceTree = SOURCE_ROOT; };
		B841763C180584920007657C /* FontTest.m */ = {isa = PBXFileReference; fileEncoding = 4; lastKnownFileType = sourcecode.c.objc; path = FontTest.m; sourceTree = "<group>"; };
		B841764618058CE30007657C /* Settings.h */ = {isa = PBXFileReference; fileEncoding = 4; lastKnownFileType = sourcecode.c.h; path = Settings.h; sourceTree = "<group>"; };
		B841764718058CE30007657C /* Settings.m */ = {isa = PBXFileReference; fileEncoding = 4; lastKnownFileType = sourcecode.c.objc; path = Settings.m; sourceTree = "<group>"; };
		B850C04B17B4795F00AA0921 /* FontPicker.app */ = {isa = PBXFileReference; explicitFileType = wrapper.application; includeInIndex = 0; path = FontPicker.app; sourceTree = BUILT_PRODUCTS_DIR; };
		B850C04E17B4795F00AA0921 /* UIKit.framework */ = {isa = PBXFileReference; lastKnownFileType = wrapper.framework; name = UIKit.framework; path = System/Library/Frameworks/UIKit.framework; sourceTree = SDKROOT; };
		B850C05017B4795F00AA0921 /* Foundation.framework */ = {isa = PBXFileReference; lastKnownFileType = wrapper.framework; name = Foundation.framework; path = System/Library/Frameworks/Foundation.framework; sourceTree = SDKROOT; };
		B850C05217B4795F00AA0921 /* CoreGraphics.framework */ = {isa = PBXFileReference; lastKnownFileType = wrapper.framework; name = CoreGraphics.framework; path = System/Library/Frameworks/CoreGraphics.framework; sourceTree = SDKROOT; };
		B850C05617B4795F00AA0921 /* FontPicker-Info.plist */ = {isa = PBXFileReference; lastKnownFileType = text.plist.xml; path = "FontPicker-Info.plist"; sourceTree = "<group>"; };
		B850C05817B4795F00AA0921 /* en */ = {isa = PBXFileReference; lastKnownFileType = text.plist.strings; name = en; path = en.lproj/InfoPlist.strings; sourceTree = "<group>"; };
		B850C05A17B4795F00AA0921 /* main.m */ = {isa = PBXFileReference; lastKnownFileType = sourcecode.c.objc; path = main.m; sourceTree = "<group>"; };
		B850C05C17B4795F00AA0921 /* FontPicker-Prefix.pch */ = {isa = PBXFileReference; lastKnownFileType = sourcecode.c.h; path = "FontPicker-Prefix.pch"; sourceTree = "<group>"; };
		B850C05D17B4795F00AA0921 /* AppDelegate.h */ = {isa = PBXFileReference; lastKnownFileType = sourcecode.c.h; path = AppDelegate.h; sourceTree = "<group>"; };
		B850C05E17B4795F00AA0921 /* AppDelegate.m */ = {isa = PBXFileReference; lastKnownFileType = sourcecode.c.objc; path = AppDelegate.m; sourceTree = "<group>"; };
		B850C06617B4795F00AA0921 /* ViewController.h */ = {isa = PBXFileReference; lastKnownFileType = sourcecode.c.h; path = ViewController.h; sourceTree = "<group>"; };
		B850C06717B4795F00AA0921 /* ViewController.m */ = {isa = PBXFileReference; lastKnownFileType = sourcecode.c.objc; path = ViewController.m; sourceTree = "<group>"; };
		B850C06A17B4795F00AA0921 /* en */ = {isa = PBXFileReference; lastKnownFileType = file.xib; name = en; path = en.lproj/ViewController_iPhone.xib; sourceTree = "<group>"; };
		B850C07417B4796000AA0921 /* FontPickerTests.octest */ = {isa = PBXFileReference; explicitFileType = wrapper.cfbundle; includeInIndex = 0; path = FontPickerTests.octest; sourceTree = BUILT_PRODUCTS_DIR; };
		B850C07517B4796000AA0921 /* SenTestingKit.framework */ = {isa = PBXFileReference; lastKnownFileType = wrapper.framework; name = SenTestingKit.framework; path = Library/Frameworks/SenTestingKit.framework; sourceTree = DEVELOPER_DIR; };
		B850C07D17B4796000AA0921 /* FontPickerTests-Info.plist */ = {isa = PBXFileReference; lastKnownFileType = text.plist.xml; path = "FontPickerTests-Info.plist"; sourceTree = "<group>"; };
		B850C07F17B4796000AA0921 /* en */ = {isa = PBXFileReference; lastKnownFileType = text.plist.strings; name = en; path = en.lproj/InfoPlist.strings; sourceTree = "<group>"; };
		B860055017B7C1ED00D02F02 /* star.png */ = {isa = PBXFileReference; lastKnownFileType = image.png; path = star.png; sourceTree = "<group>"; };
		B860055117B7C1ED00D02F02 /* starhighlighted.png */ = {isa = PBXFileReference; lastKnownFileType = image.png; path = starhighlighted.png; sourceTree = "<group>"; };
		B860055B17B7D60000D02F02 /* CoreData.framework */ = {isa = PBXFileReference; lastKnownFileType = wrapper.framework; name = CoreData.framework; path = System/Library/Frameworks/CoreData.framework; sourceTree = SDKROOT; };
		B866F54D17B67A2B009AA284 /* FontTableCell.h */ = {isa = PBXFileReference; fileEncoding = 4; lastKnownFileType = sourcecode.c.h; path = FontTableCell.h; sourceTree = "<group>"; };
		B866F54E17B67A2B009AA284 /* FontTableCell.m */ = {isa = PBXFileReference; fileEncoding = 4; lastKnownFileType = sourcecode.c.objc; path = FontTableCell.m; sourceTree = "<group>"; };
		B866F54F17B67A2B009AA284 /* FontTableCell.xib */ = {isa = PBXFileReference; fileEncoding = 4; lastKnownFileType = file.xib; path = FontTableCell.xib; sourceTree = "<group>"; };
		B866F55117B67A2B009AA284 /* SettingsResetCell.h */ = {isa = PBXFileReference; fileEncoding = 4; lastKnownFileType = sourcecode.c.h; path = SettingsResetCell.h; sourceTree = "<group>"; };
		B866F55217B67A2B009AA284 /* SettingsResetCell.m */ = {isa = PBXFileReference; fileEncoding = 4; lastKnownFileType = sourcecode.c.objc; path = SettingsResetCell.m; sourceTree = "<group>"; };
		B866F55317B67A2B009AA284 /* SettingsResetCell.xib */ = {isa = PBXFileReference; fileEncoding = 4; lastKnownFileType = file.xib; path = SettingsResetCell.xib; sourceTree = "<group>"; };
		B866F55517B67A2B009AA284 /* SettingsToggleCell.h */ = {isa = PBXFileReference; fileEncoding = 4; lastKnownFileType = sourcecode.c.h; path = SettingsToggleCell.h; sourceTree = "<group>"; };
		B866F55617B67A2B009AA284 /* SettingsToggleCell.m */ = {isa = PBXFileReference; fileEncoding = 4; lastKnownFileType = sourcecode.c.objc; path = SettingsToggleCell.m; sourceTree = "<group>"; };
		B866F55717B67A2B009AA284 /* SettingsToggleCell.xib */ = {isa = PBXFileReference; fileEncoding = 4; lastKnownFileType = file.xib; path = SettingsToggleCell.xib; sourceTree = "<group>"; };
		B8980E2218059EBB00C5C67D /* OCHamcrestIOS.framework */ = {isa = PBXFileReference; lastKnownFileType = wrapper.framework; path = OCHamcrestIOS.framework; sourceTree = "<group>"; };
		B8980E2418059ED200C5C67D /* OCMockitoIOS.framework */ = {isa = PBXFileReference; lastKnownFileType = wrapper.framework; path = OCMockitoIOS.framework; sourceTree = "<group>"; };
		B89B245E17B7806000F3F95A /* FontViewController.h */ = {isa = PBXFileReference; fileEncoding = 4; lastKnownFileType = sourcecode.c.h; path = FontViewController.h; sourceTree = "<group>"; };
		B89B245F17B7806000F3F95A /* FontViewController.m */ = {isa = PBXFileReference; fileEncoding = 4; lastKnownFileType = sourcecode.c.objc; path = FontViewController.m; sourceTree = "<group>"; };
		B89B246017B7806000F3F95A /* FontViewController.xib */ = {isa = PBXFileReference; fileEncoding = 4; lastKnownFileType = file.xib; path = FontViewController.xib; sourceTree = "<group>"; };
		B8BE575F17B48DEB00147657 /* QuartzCore.framework */ = {isa = PBXFileReference; lastKnownFileType = wrapper.framework; name = QuartzCore.framework; path = System/Library/Frameworks/QuartzCore.framework; sourceTree = SDKROOT; };
		B8E220C81805B303005D1F4C /* Font.h */ = {isa = PBXFileReference; fileEncoding = 4; lastKnownFileType = sourcecode.c.h; path = Font.h; sourceTree = "<group>"; };
		B8E220C91805B303005D1F4C /* Font.m */ = {isa = PBXFileReference; fileEncoding = 4; lastKnownFileType = sourcecode.c.objc; path = Font.m; sourceTree = "<group>"; };
		B8EC5E2B17B7DFA5008C67EC /* FontData.h */ = {isa = PBXFileReference; fileEncoding = 4; lastKnownFileType = sourcecode.c.h; path = FontData.h; sourceTree = "<group>"; };
		B8EC5E2C17B7DFA5008C67EC /* FontData.m */ = {isa = PBXFileReference; fileEncoding = 4; lastKnownFileType = sourcecode.c.objc; path = FontData.m; sourceTree = "<group>"; };
		B8EC5E2F17B7DFB1008C67EC /* FontData.xcdatamodel */ = {isa = PBXFileReference; lastKnownFileType = wrapper.xcdatamodel; path = FontData.xcdatamodel; sourceTree = "<group>"; };
		B8EC5E7817B7F4D3008C67EC /* Default.png */ = {isa = PBXFileReference; lastKnownFileType = image.png; path = Default.png; sourceTree = "<group>"; };
		B8EC5E7917B7F4D3008C67EC /* Default-568h@2x.png */ = {isa = PBXFileReference; lastKnownFileType = image.png; path = "Default-568h@2x.png"; sourceTree = "<group>"; };
		B8EC5E7A17B7F4D3008C67EC /* Default@2x.png */ = {isa = PBXFileReference; lastKnownFileType = image.png; path = "Default@2x.png"; sourceTree = "<group>"; };
		F4078976B8DD4E898C1BAC58 /* libPods.a */ = {isa = PBXFileReference; explicitFileType = archive.ar; includeInIndex = 0; path = libPods.a; sourceTree = BUILT_PRODUCTS_DIR; };
/* End PBXFileReference section */

/* Begin PBXFrameworksBuildPhase section */
		B850C04817B4795F00AA0921 /* Frameworks */ = {
			isa = PBXFrameworksBuildPhase;
			buildActionMask = 2147483647;
			files = (
				B860055C17B7D60000D02F02 /* CoreData.framework in Frameworks */,
				B8BE576017B48DEB00147657 /* QuartzCore.framework in Frameworks */,
				B850C04F17B4795F00AA0921 /* UIKit.framework in Frameworks */,
				B850C05117B4795F00AA0921 /* Foundation.framework in Frameworks */,
				B850C05317B4795F00AA0921 /* CoreGraphics.framework in Frameworks */,
				43F9647BB7074383869D5193 /* libPods.a in Frameworks */,
			);
			runOnlyForDeploymentPostprocessing = 0;
		};
		B850C07017B4796000AA0921 /* Frameworks */ = {
			isa = PBXFrameworksBuildPhase;
			buildActionMask = 2147483647;
			files = (
				B84176451805882E0007657C /* SenTestingKit.framework in Frameworks */,
				B850C07717B4796000AA0921 /* UIKit.framework in Frameworks */,
				B8980E2318059EBB00C5C67D /* OCHamcrestIOS.framework in Frameworks */,
				B850C07817B4796000AA0921 /* Foundation.framework in Frameworks */,
				DDC10FADE6D34539A2E6AB3D /* libPods.a in Frameworks */,
				B8980E2518059ED200C5C67D /* OCMockitoIOS.framework in Frameworks */,
			);
			runOnlyForDeploymentPostprocessing = 0;
		};
/* End PBXFrameworksBuildPhase section */

/* Begin PBXGroup section */
		B850C04217B4795F00AA0921 = {
			isa = PBXGroup;
			children = (
				B850C05417B4795F00AA0921 /* FontPicker */,
				B850C07B17B4796000AA0921 /* FontPickerTests */,
				B850C04D17B4795F00AA0921 /* Frameworks */,
				B850C04C17B4795F00AA0921 /* Products */,
				1F777E125CE441F38B6492CF /* Pods.xcconfig */,
			);
			sourceTree = "<group>";
		};
		B850C04C17B4795F00AA0921 /* Products */ = {
			isa = PBXGroup;
			children = (
				B850C04B17B4795F00AA0921 /* FontPicker.app */,
				B850C07417B4796000AA0921 /* FontPickerTests.octest */,
			);
			name = Products;
			sourceTree = "<group>";
		};
		B850C04D17B4795F00AA0921 /* Frameworks */ = {
			isa = PBXGroup;
			children = (
				B8980E2418059ED200C5C67D /* OCMockitoIOS.framework */,
				B8980E2218059EBB00C5C67D /* OCHamcrestIOS.framework */,
				B860055B17B7D60000D02F02 /* CoreData.framework */,
				B8BE575F17B48DEB00147657 /* QuartzCore.framework */,
				B850C04E17B4795F00AA0921 /* UIKit.framework */,
				B850C05017B4795F00AA0921 /* Foundation.framework */,
				B850C05217B4795F00AA0921 /* CoreGraphics.framework */,
				B850C07517B4796000AA0921 /* SenTestingKit.framework */,
				F4078976B8DD4E898C1BAC58 /* libPods.a */,
			);
			name = Frameworks;
			sourceTree = "<group>";
		};
		B850C05417B4795F00AA0921 /* FontPicker */ = {
			isa = PBXGroup;
			children = (
				B850C05D17B4795F00AA0921 /* AppDelegate.h */,
				B850C05E17B4795F00AA0921 /* AppDelegate.m */,
				B850C06617B4795F00AA0921 /* ViewController.h */,
				B850C06717B4795F00AA0921 /* ViewController.m */,
				B850C06917B4795F00AA0921 /* ViewController_iPhone.xib */,
				B89B245E17B7806000F3F95A /* FontViewController.h */,
				B89B245F17B7806000F3F95A /* FontViewController.m */,
				B89B246017B7806000F3F95A /* FontViewController.xib */,
				B860055717B7D55900D02F02 /* Models */,
				B860054F17B7C1E300D02F02 /* Images */,
				B866F54C17B67A2B009AA284 /* FontTableCell */,
				B866F55017B67A2B009AA284 /* SettingsResetCell */,
				B866F55417B67A2B009AA284 /* SettingsToggleCell */,
				B850C05517B4795F00AA0921 /* Supporting Files */,
			);
			path = FontPicker;
			sourceTree = "<group>";
		};
		B850C05517B4795F00AA0921 /* Supporting Files */ = {
			isa = PBXGroup;
			children = (
				B850C05617B4795F00AA0921 /* FontPicker-Info.plist */,
				B850C05717B4795F00AA0921 /* InfoPlist.strings */,
				B850C05A17B4795F00AA0921 /* main.m */,
				B850C05C17B4795F00AA0921 /* FontPicker-Prefix.pch */,
				B8EC5E7817B7F4D3008C67EC /* Default.png */,
				B8EC5E7917B7F4D3008C67EC /* Default-568h@2x.png */,
				B8EC5E7A17B7F4D3008C67EC /* Default@2x.png */,
			);
			name = "Supporting Files";
			sourceTree = "<group>";
		};
		B850C07B17B4796000AA0921 /* FontPickerTests */ = {
			isa = PBXGroup;
			children = (
				B850C07C17B4796000AA0921 /* Supporting Files */,
				B841763C180584920007657C /* FontTest.m */,
			);
			path = FontPickerTests;
			sourceTree = "<group>";
		};
		B850C07C17B4796000AA0921 /* Supporting Files */ = {
			isa = PBXGroup;
			children = (
				B850C07D17B4796000AA0921 /* FontPickerTests-Info.plist */,
				B850C07E17B4796000AA0921 /* InfoPlist.strings */,
			);
			name = "Supporting Files";
			sourceTree = "<group>";
		};
		B860054F17B7C1E300D02F02 /* Images */ = {
			isa = PBXGroup;
			children = (
				B860055017B7C1ED00D02F02 /* star.png */,
				B860055117B7C1ED00D02F02 /* starhighlighted.png */,
			);
			path = Images;
			sourceTree = "<group>";
		};
		B860055717B7D55900D02F02 /* Models */ = {
			isa = PBXGroup;
			children = (
				B8EC5E2E17B7DFB1008C67EC /* FontData.xcdatamodeld */,
				B8EC5E2B17B7DFA5008C67EC /* FontData.h */,
				B8EC5E2C17B7DFA5008C67EC /* FontData.m */,
				B8E220C81805B303005D1F4C /* Font.h */,
				B8E220C91805B303005D1F4C /* Font.m */,
				B841764618058CE30007657C /* Settings.h */,
				B841764718058CE30007657C /* Settings.m */,
			);
			path = Models;
			sourceTree = "<group>";
		};
		B866F54C17B67A2B009AA284 /* FontTableCell */ = {
			isa = PBXGroup;
			children = (
				B866F54D17B67A2B009AA284 /* FontTableCell.h */,
				B866F54E17B67A2B009AA284 /* FontTableCell.m */,
				B866F54F17B67A2B009AA284 /* FontTableCell.xib */,
			);
			path = FontTableCell;
			sourceTree = "<group>";
		};
		B866F55017B67A2B009AA284 /* SettingsResetCell */ = {
			isa = PBXGroup;
			children = (
				B866F55117B67A2B009AA284 /* SettingsResetCell.h */,
				B866F55217B67A2B009AA284 /* SettingsResetCell.m */,
				B866F55317B67A2B009AA284 /* SettingsResetCell.xib */,
			);
			path = SettingsResetCell;
			sourceTree = "<group>";
		};
		B866F55417B67A2B009AA284 /* SettingsToggleCell */ = {
			isa = PBXGroup;
			children = (
				B866F55517B67A2B009AA284 /* SettingsToggleCell.h */,
				B866F55617B67A2B009AA284 /* SettingsToggleCell.m */,
				B866F55717B67A2B009AA284 /* SettingsToggleCell.xib */,
			);
			path = SettingsToggleCell;
			sourceTree = "<group>";
		};
/* End PBXGroup section */

/* Begin PBXNativeTarget section */
		B850C04A17B4795F00AA0921 /* FontPicker */ = {
			isa = PBXNativeTarget;
			buildConfigurationList = B850C08617B4796000AA0921 /* Build configuration list for PBXNativeTarget "FontPicker" */;
			buildPhases = (
				B7ECF42AE7C94828B12ECF78 /* Check Pods Manifest.lock */,
				B850C04717B4795F00AA0921 /* Sources */,
				B850C04817B4795F00AA0921 /* Frameworks */,
				B850C04917B4795F00AA0921 /* Resources */,
				5F321D26031F475A88D00D49 /* Copy Pods Resources */,
			);
			buildRules = (
			);
			dependencies = (
			);
			name = FontPicker;
			productName = FontPicker;
			productReference = B850C04B17B4795F00AA0921 /* FontPicker.app */;
			productType = "com.apple.product-type.application";
		};
		B850C07317B4796000AA0921 /* FontPickerTests */ = {
			isa = PBXNativeTarget;
			buildConfigurationList = B850C08917B4796000AA0921 /* Build configuration list for PBXNativeTarget "FontPickerTests" */;
			buildPhases = (
				C9A7C1557E5C47BBBA05F19C /* Check Pods Manifest.lock */,
				B850C06F17B4796000AA0921 /* Sources */,
				B850C07017B4796000AA0921 /* Frameworks */,
				B850C07117B4796000AA0921 /* Resources */,
				B850C07217B4796000AA0921 /* ShellScript */,
				3724C2122FD2468489413CC7 /* Copy Pods Resources */,
			);
			buildRules = (
			);
			dependencies = (
				B850C07A17B4796000AA0921 /* PBXTargetDependency */,
			);
			name = FontPickerTests;
			productName = FontPickerTests;
			productReference = B850C07417B4796000AA0921 /* FontPickerTests.octest */;
			productType = "com.apple.product-type.bundle";
		};
/* End PBXNativeTarget section */

/* Begin PBXProject section */
		B850C04317B4795F00AA0921 /* Project object */ = {
			isa = PBXProject;
			attributes = {
				LastUpgradeCheck = 0460;
				ORGANIZATIONNAME = "Jason Lagaac";
				TargetAttributes = {
					B850C04A17B4795F00AA0921 = {
						DevelopmentTeam = TA4635WSD9;
					};
				};
			};
			buildConfigurationList = B850C04617B4795F00AA0921 /* Build configuration list for PBXProject "FontPicker" */;
			compatibilityVersion = "Xcode 3.2";
			developmentRegion = English;
			hasScannedForEncodings = 0;
			knownRegions = (
				en,
			);
			mainGroup = B850C04217B4795F00AA0921;
			productRefGroup = B850C04C17B4795F00AA0921 /* Products */;
			projectDirPath = "";
			projectRoot = "";
			targets = (
				B850C04A17B4795F00AA0921 /* FontPicker */,
				B850C07317B4796000AA0921 /* FontPickerTests */,
			);
		};
/* End PBXProject section */

/* Begin PBXResourcesBuildPhase section */
		B850C04917B4795F00AA0921 /* Resources */ = {
			isa = PBXResourcesBuildPhase;
			buildActionMask = 2147483647;
			files = (
				B850C05917B4795F00AA0921 /* InfoPlist.strings in Resources */,
				B850C06B17B4795F00AA0921 /* ViewController_iPhone.xib in Resources */,
				B866F55917B67A2B009AA284 /* FontTableCell.xib in Resources */,
				B866F55B17B67A2B009AA284 /* SettingsResetCell.xib in Resources */,
				B866F55D17B67A2B009AA284 /* SettingsToggleCell.xib in Resources */,
				B89B246217B7806000F3F95A /* FontViewController.xib in Resources */,
				B860055217B7C1ED00D02F02 /* star.png in Resources */,
				B860055317B7C1ED00D02F02 /* starhighlighted.png in Resources */,
				B8EC5E7B17B7F4D4008C67EC /* Default.png in Resources */,
				B8EC5E7C17B7F4D4008C67EC /* Default-568h@2x.png in Resources */,
				B8EC5E7D17B7F4D4008C67EC /* Default@2x.png in Resources */,
			);
			runOnlyForDeploymentPostprocessing = 0;
		};
		B850C07117B4796000AA0921 /* Resources */ = {
			isa = PBXResourcesBuildPhase;
			buildActionMask = 2147483647;
			files = (
				B850C08017B4796000AA0921 /* InfoPlist.strings in Resources */,
			);
			runOnlyForDeploymentPostprocessing = 0;
		};
/* End PBXResourcesBuildPhase section */

/* Begin PBXShellScriptBuildPhase section */
		3724C2122FD2468489413CC7 /* Copy Pods Resources */ = {
			isa = PBXShellScriptBuildPhase;
			buildActionMask = 2147483647;
			files = (
			);
			inputPaths = (
			);
			name = "Copy Pods Resources";
			outputPaths = (
			);
			runOnlyForDeploymentPostprocessing = 0;
			shellPath = /bin/sh;
			shellScript = "\"${SRCROOT}/Pods/Pods-resources.sh\"\n";
			showEnvVarsInLog = 0;
		};
		5F321D26031F475A88D00D49 /* Copy Pods Resources */ = {
			isa = PBXShellScriptBuildPhase;
			buildActionMask = 2147483647;
			files = (
			);
			inputPaths = (
			);
			name = "Copy Pods Resources";
			outputPaths = (
			);
			runOnlyForDeploymentPostprocessing = 0;
			shellPath = /bin/sh;
			shellScript = "\"${SRCROOT}/Pods/Pods-resources.sh\"\n";
			showEnvVarsInLog = 0;
		};
		B7ECF42AE7C94828B12ECF78 /* Check Pods Manifest.lock */ = {
			isa = PBXShellScriptBuildPhase;
			buildActionMask = 2147483647;
			files = (
			);
			inputPaths = (
			);
			name = "Check Pods Manifest.lock";
			outputPaths = (
			);
			runOnlyForDeploymentPostprocessing = 0;
			shellPath = /bin/sh;
			shellScript = "diff \"${PODS_ROOT}/../Podfile.lock\" \"${PODS_ROOT}/Manifest.lock\" > /dev/null\nif [[ $? != 0 ]] ; then\n    cat << EOM\nerror: The sandbox is not in sync with the Podfile.lock. Run 'pod install' or update your CocoaPods installation.\nEOM\n    exit 1\nfi\n";
			showEnvVarsInLog = 0;
		};
		B850C07217B4796000AA0921 /* ShellScript */ = {
			isa = PBXShellScriptBuildPhase;
			buildActionMask = 2147483647;
			files = (
			);
			inputPaths = (
			);
			outputPaths = (
			);
			runOnlyForDeploymentPostprocessing = 0;
			shellPath = /bin/sh;
			shellScript = "# Run the unit tests in this test bundle.\n\"${SYSTEM_DEVELOPER_DIR}/Tools/RunUnitTests\"\n";
		};
		C9A7C1557E5C47BBBA05F19C /* Check Pods Manifest.lock */ = {
			isa = PBXShellScriptBuildPhase;
			buildActionMask = 2147483647;
			files = (
			);
			inputPaths = (
			);
			name = "Check Pods Manifest.lock";
			outputPaths = (
			);
			runOnlyForDeploymentPostprocessing = 0;
			shellPath = /bin/sh;
			shellScript = "diff \"${PODS_ROOT}/../Podfile.lock\" \"${PODS_ROOT}/Manifest.lock\" > /dev/null\nif [[ $? != 0 ]] ; then\n    cat << EOM\nerror: The sandbox is not in sync with the Podfile.lock. Run 'pod install' or update your CocoaPods installation.\nEOM\n    exit 1\nfi\n";
			showEnvVarsInLog = 0;
		};
/* End PBXShellScriptBuildPhase section */

/* Begin PBXSourcesBuildPhase section */
		B850C04717B4795F00AA0921 /* Sources */ = {
			isa = PBXSourcesBuildPhase;
			buildActionMask = 2147483647;
			files = (
				B850C05B17B4795F00AA0921 /* main.m in Sources */,
				B850C05F17B4795F00AA0921 /* AppDelegate.m in Sources */,
				B841764818058CE30007657C /* Settings.m in Sources */,
				B850C06817B4795F00AA0921 /* ViewController.m in Sources */,
				B866F55817B67A2B009AA284 /* FontTableCell.m in Sources */,
				B866F55A17B67A2B009AA284 /* SettingsResetCell.m in Sources */,
				B866F55C17B67A2B009AA284 /* SettingsToggleCell.m in Sources */,
				B89B246117B7806000F3F95A /* FontViewController.m in Sources */,
				B8E220CA1805B303005D1F4C /* Font.m in Sources */,
				B8EC5E2D17B7DFA5008C67EC /* FontData.m in Sources */,
				B8EC5E3017B7DFB1008C67EC /* FontData.xcdatamodeld in Sources */,
			);
			runOnlyForDeploymentPostprocessing = 0;
		};
		B850C06F17B4796000AA0921 /* Sources */ = {
			isa = PBXSourcesBuildPhase;
			buildActionMask = 2147483647;
			files = (
				B841763D180584920007657C /* FontTest.m in Sources */,
			);
			runOnlyForDeploymentPostprocessing = 0;
		};
/* End PBXSourcesBuildPhase section */

/* Begin PBXTargetDependency section */
		B850C07A17B4796000AA0921 /* PBXTargetDependency */ = {
			isa = PBXTargetDependency;
			target = B850C04A17B4795F00AA0921 /* FontPicker */;
			targetProxy = B850C07917B4796000AA0921 /* PBXContainerItemProxy */;
		};
/* End PBXTargetDependency section */

/* Begin PBXVariantGroup section */
		B850C05717B4795F00AA0921 /* InfoPlist.strings */ = {
			isa = PBXVariantGroup;
			children = (
				B850C05817B4795F00AA0921 /* en */,
			);
			name = InfoPlist.strings;
			sourceTree = "<group>";
		};
		B850C06917B4795F00AA0921 /* ViewController_iPhone.xib */ = {
			isa = PBXVariantGroup;
			children = (
				B850C06A17B4795F00AA0921 /* en */,
			);
			name = ViewController_iPhone.xib;
			sourceTree = "<group>";
		};
		B850C07E17B4796000AA0921 /* InfoPlist.strings */ = {
			isa = PBXVariantGroup;
			children = (
				B850C07F17B4796000AA0921 /* en */,
			);
			name = InfoPlist.strings;
			sourceTree = "<group>";
		};
/* End PBXVariantGroup section */

/* Begin XCBuildConfiguration section */
		B850C08417B4796000AA0921 /* Debug */ = {
			isa = XCBuildConfiguration;
			buildSettings = {
				ALWAYS_SEARCH_USER_PATHS = NO;
				CLANG_CXX_LANGUAGE_STANDARD = "gnu++0x";
				CLANG_CXX_LIBRARY = "libc++";
				CLANG_ENABLE_OBJC_ARC = YES;
				CLANG_WARN_CONSTANT_CONVERSION = YES;
				CLANG_WARN_EMPTY_BODY = YES;
				CLANG_WARN_ENUM_CONVERSION = YES;
				CLANG_WARN_INT_CONVERSION = YES;
				CLANG_WARN__DUPLICATE_METHOD_MATCH = YES;
				CODE_SIGN_IDENTITY = "";
				"CODE_SIGN_IDENTITY[sdk=iphoneos*]" = "";
				COPY_PHASE_STRIP = NO;
				GCC_C_LANGUAGE_STANDARD = gnu99;
				GCC_DYNAMIC_NO_PIC = NO;
				GCC_OPTIMIZATION_LEVEL = 0;
				GCC_PREPROCESSOR_DEFINITIONS = (
					"DEBUG=1",
					"$(inherited)",
				);
				GCC_SYMBOLS_PRIVATE_EXTERN = NO;
				GCC_WARN_ABOUT_RETURN_TYPE = YES;
				GCC_WARN_UNINITIALIZED_AUTOS = YES;
				GCC_WARN_UNUSED_VARIABLE = YES;
				IPHONEOS_DEPLOYMENT_TARGET = 7.0;
				ONLY_ACTIVE_ARCH = YES;
				SDKROOT = iphoneos;
				TARGETED_DEVICE_FAMILY = "1,2";
			};
			name = Debug;
		};
		B850C08517B4796000AA0921 /* Release */ = {
			isa = XCBuildConfiguration;
			buildSettings = {
				ALWAYS_SEARCH_USER_PATHS = NO;
				CLANG_CXX_LANGUAGE_STANDARD = "gnu++0x";
				CLANG_CXX_LIBRARY = "libc++";
				CLANG_ENABLE_OBJC_ARC = YES;
				CLANG_WARN_CONSTANT_CONVERSION = YES;
				CLANG_WARN_EMPTY_BODY = YES;
				CLANG_WARN_ENUM_CONVERSION = YES;
				CLANG_WARN_INT_CONVERSION = YES;
				CLANG_WARN__DUPLICATE_METHOD_MATCH = YES;
				CODE_SIGN_IDENTITY = "";
				"CODE_SIGN_IDENTITY[sdk=iphoneos*]" = "";
				COPY_PHASE_STRIP = YES;
				GCC_C_LANGUAGE_STANDARD = gnu99;
				GCC_WARN_ABOUT_RETURN_TYPE = YES;
				GCC_WARN_UNINITIALIZED_AUTOS = YES;
				GCC_WARN_UNUSED_VARIABLE = YES;
				IPHONEOS_DEPLOYMENT_TARGET = 7.0;
				OTHER_CFLAGS = "-DNS_BLOCK_ASSERTIONS=1";
				SDKROOT = iphoneos;
				TARGETED_DEVICE_FAMILY = "1,2";
				VALIDATE_PRODUCT = YES;
			};
			name = Release;
		};
		B850C08717B4796000AA0921 /* Debug */ = {
			isa = XCBuildConfiguration;
			baseConfigurationReference = 1F777E125CE441F38B6492CF /* Pods.xcconfig */;
			buildSettings = {
				ARCHS = "$(ARCHS_STANDARD)";
				CODE_SIGN_IDENTITY = "iPhone Developer";
				FRAMEWORK_SEARCH_PATHS = (
					"$(inherited)",
					"/Users/jasonlagaac/Documents/FontPicker/OCMockito-1.0.0/OCHamcrest-3.0.0",
					"/Users/jasonlagaac/Documents/FontPicker/OCMockito-1.0.0",
					"/Users/jasonlagaac/Documents/FontPicker/OCHamcrest-3.0.0",
					"$(DEVELOPER_FRAMEWORKS_DIR)",
				);
				GCC_PRECOMPILE_PREFIX_HEADER = YES;
				GCC_PREFIX_HEADER = "FontPicker/FontPicker-Prefix.pch";
				INFOPLIST_FILE = "FontPicker/FontPicker-Info.plist";
				IPHONEOS_DEPLOYMENT_TARGET = 7.0;
				PRODUCT_NAME = "$(TARGET_NAME)";
				TARGETED_DEVICE_FAMILY = 1;
				WRAPPER_EXTENSION = app;
			};
			name = Debug;
		};
		B850C08817B4796000AA0921 /* Release */ = {
			isa = XCBuildConfiguration;
			baseConfigurationReference = 1F777E125CE441F38B6492CF /* Pods.xcconfig */;
			buildSettings = {
				ARCHS = "$(ARCHS_STANDARD)";
				CODE_SIGN_IDENTITY = "iPhone Developer";
				FRAMEWORK_SEARCH_PATHS = (
					"$(inherited)",
					"/Users/jasonlagaac/Documents/FontPicker/OCMockito-1.0.0/OCHamcrest-3.0.0",
					"/Users/jasonlagaac/Documents/FontPicker/OCMockito-1.0.0",
					"/Users/jasonlagaac/Documents/FontPicker/OCHamcrest-3.0.0",
					"$(DEVELOPER_FRAMEWORKS_DIR)",
				);
				GCC_PRECOMPILE_PREFIX_HEADER = YES;
				GCC_PREFIX_HEADER = "FontPicker/FontPicker-Prefix.pch";
				INFOPLIST_FILE = "FontPicker/FontPicker-Info.plist";
				IPHONEOS_DEPLOYMENT_TARGET = 7.0;
				PRODUCT_NAME = "$(TARGET_NAME)";
				TARGETED_DEVICE_FAMILY = 1;
				WRAPPER_EXTENSION = app;
			};
			name = Release;
		};
		B850C08A17B4796000AA0921 /* Debug */ = {
			isa = XCBuildConfiguration;
			baseConfigurationReference = 1F777E125CE441F38B6492CF /* Pods.xcconfig */;
			buildSettings = {
				ARCHS = "$(ARCHS_STANDARD)";
				BUNDLE_LOADER = "$(BUILT_PRODUCTS_DIR)/FontPicker.app/FontPicker";
				FRAMEWORK_SEARCH_PATHS = (
					"$(inherited)",
					"$(SDKROOT)/Developer/Library/Frameworks",
					"$(DEVELOPER_LIBRARY_DIR)/Frameworks",
					"/Users/jasonlagaac/Documents/FontPicker/OCHamcrest-3.0.0",
					"/Users/jasonlagaac/Documents/FontPicker/OCMockito-1.0.0",
					"$(DEVELOPER_FRAMEWORKS_DIR)",
					/Users/jasonlagaac/Documents/FontPicker,
				);
				GCC_PRECOMPILE_PREFIX_HEADER = YES;
				GCC_PREFIX_HEADER = "FontPicker/FontPicker-Prefix.pch";
				INFOPLIST_FILE = "FontPickerTests/FontPickerTests-Info.plist";
				IPHONEOS_DEPLOYMENT_TARGET = 7.0;
				PRODUCT_NAME = "$(TARGET_NAME)";
				TEST_HOST = "$(BUNDLE_LOADER)";
				WRAPPER_EXTENSION = octest;
			};
			name = Debug;
		};
		B850C08B17B4796000AA0921 /* Release */ = {
			isa = XCBuildConfiguration;
			baseConfigurationReference = 1F777E125CE441F38B6492CF /* Pods.xcconfig */;
			buildSettings = {
				ARCHS = "$(ARCHS_STANDARD)";
				BUNDLE_LOADER = "$(BUILT_PRODUCTS_DIR)/FontPicker.app/FontPicker";
				FRAMEWORK_SEARCH_PATHS = (
					"$(inherited)",
					"$(SDKROOT)/Developer/Library/Frameworks",
					"$(DEVELOPER_LIBRARY_DIR)/Frameworks",
					"/Users/jasonlagaac/Documents/FontPicker/OCHamcrest-3.0.0",
					"/Users/jasonlagaac/Documents/FontPicker/OCMockito-1.0.0",
					"$(DEVELOPER_FRAMEWORKS_DIR)",
					/Users/jasonlagaac/Documents/FontPicker,
				);
				GCC_PRECOMPILE_PREFIX_HEADER = YES;
				GCC_PREFIX_HEADER = "FontPicker/FontPicker-Prefix.pch";
				INFOPLIST_FILE = "FontPickerTests/FontPickerTests-Info.plist";
				IPHONEOS_DEPLOYMENT_TARGET = 7.0;
				PRODUCT_NAME = "$(TARGET_NAME)";
				TEST_HOST = "$(BUNDLE_LOADER)";
				WRAPPER_EXTENSION = octest;
			};
			name = Release;
		};
/* End XCBuildConfiguration section */

/* Begin XCConfigurationList section */
		B850C04617B4795F00AA0921 /* Build configuration list for PBXProject "FontPicker" */ = {
			isa = XCConfigurationList;
			buildConfigurations = (
				B850C08417B4796000AA0921 /* Debug */,
				B850C08517B4796000AA0921 /* Release */,
			);
			defaultConfigurationIsVisible = 0;
			defaultConfigurationName = Release;
		};
		B850C08617B4796000AA0921 /* Build configuration list for PBXNativeTarget "FontPicker" */ = {
			isa = XCConfigurationList;
			buildConfigurations = (
				B850C08717B4796000AA0921 /* Debug */,
				B850C08817B4796000AA0921 /* Release */,
			);
			defaultConfigurationIsVisible = 0;
			defaultConfigurationName = Release;
		};
		B850C08917B4796000AA0921 /* Build configuration list for PBXNativeTarget "FontPickerTests" */ = {
			isa = XCConfigurationList;
			buildConfigurations = (
				B850C08A17B4796000AA0921 /* Debug */,
				B850C08B17B4796000AA0921 /* Release */,
			);
			defaultConfigurationIsVisible = 0;
			defaultConfigurationName = Release;
		};
/* End XCConfigurationList section */

/* Begin XCVersionGroup section */
		B8EC5E2E17B7DFB1008C67EC /* FontData.xcdatamodeld */ = {
			isa = XCVersionGroup;
			children = (
				B8EC5E2F17B7DFB1008C67EC /* FontData.xcdatamodel */,
			);
			currentVersion = B8EC5E2F17B7DFB1008C67EC /* FontData.xcdatamodel */;
			path = FontData.xcdatamodeld;
			sourceTree = "<group>";
			versionGroupType = wrapper.xcdatamodel;
		};
/* End XCVersionGroup section */
	};
	rootObject = B850C04317B4795F00AA0921 /* Project object */;
}
